# @generated - this file is auto-generated by `mise lock` https://mise.jdx.dev/dev-tools/mise-lock.html

lockfile_version = 3

[[tools.air]]
version = "1.67.4"
backend = "aqua:air-verse/air"
specifiers = ["latest"]

[tools.air."platforms.linux-arm64"]
checksum = "sha256:3b138e3cc01c6f1f077f555baa1db45215c02f1aa57db8ab0b5b082a76a45743"
url = "https://github.com/air-verse/air/releases/download/v1.67.4/air_1.67.4_linux_arm64.tar.gz"
url_api = "https://api.github.com/repos/air-verse/air/releases/assets/497980607"

[tools.air."platforms.linux-arm64-musl"]
checksum = "sha256:3b138e3cc01c6f1f077f555baa1db45215c02f1aa57db8ab0b5b082a76a45743"
url = "https://github.com/air-verse/air/releases/download/v1.67.4/air_1.67.4_linux_arm64.tar.gz"
url_api = "https://api.github.com/repos/air-verse/air/releases/assets/497980607"

[tools.air."platforms.linux-x64"]
checksum = "sha256:c8cc405210e557e2681275688ce700441eac53db9fb42bb58764874ee9aa783d"
url = "https://github.com/air-verse/air/releases/download/v1.67.4/air_1.67.4_linux_amd64.tar.gz"
url_api = "https://api.github.com/repos/air-verse/air/releases/assets/497980662"

[tools.air."platforms.linux-x64-musl"]
checksum = "sha256:c8cc405210e557e2681275688ce700441eac53db9fb42bb58764874ee9aa783d"
url = "https://github.com/air-verse/air/releases/download/v1.67.4/air_1.67.4_linux_amd64.tar.gz"
url_api = "https://api.github.com/repos/air-verse/air/releases/assets/497980662"

[tools.air."platforms.macos-arm64"]
checksum = "sha256:377e3f6ad87dc27a1fe665a78229c619188cf70d05ddc24d62ba065ee0824934"
url = "https://github.com/air-verse/air/releases/download/v1.67.4/air_1.67.4_darwin_arm64.tar.gz"
url_api = "https://api.github.com/repos/air-verse/air/releases/assets/497980659"

[tools.air."platforms.macos-x64"]
checksum = "sha256:a6eccc0afea79497d74edb2f0fc603fd518ac9825a83e487d9e419ee5786035c"
url = "https://github.com/air-verse/air/releases/download/v1.67.4/air_1.67.4_darwin_amd64.tar.gz"
url_api = "https://api.github.com/repos/air-verse/air/releases/assets/497980660"

[tools.air."platforms.windows-x64"]
checksum = "sha256:c35dbd568cff98055cc382d003bfda06bcdae82389568fb5e60ce5da278fa79d"
url = "https://github.com/air-verse/air/releases/download/v1.67.4/air_1.67.4_windows_amd64.tar.gz"
url_api = "https://api.github.com/repos/air-verse/air/releases/assets/497980604"

[[tools.aube]]
version = "2.6.1"
backend = "packslip:github.com/aubepkg/aube"
specifiers = ["latest"]

[tools.aube."platforms.linux-arm64"]
checksum = "sha256:ff945fd7a68d25d87b47e45877228ad269d5a053c04522599b31c130d734f40d"
url = "https://github.com/aubepkg/aube/releases/download/v2.6.1/aube-v2.6.1-aarch64-unknown-linux-gnu.tar.gz"
signer = "sigstore-oidc:https://github.com/aubepkg/aube/.github/workflows/release.yml"
repository_ids = { repository = "1214542327", owner = "324215402" }

[tools.aube."platforms.linux-arm64-musl"]
checksum = "sha256:521b5cb38cf6c07c1a43a6bce2d3c34c603a26b47a05ff8b5f6112cdadf18996"
url = "https://github.com/aubepkg/aube/releases/download/v2.6.1/aube-v2.6.1-aarch64-unknown-linux-musl.tar.gz"
signer = "sigstore-oidc:https://github.com/aubepkg/aube/.github/workflows/release.yml"
repository_ids = { repository = "1214542327", owner = "324215402" }

[tools.aube."platforms.linux-x64"]
checksum = "sha256:364b4cf201970cd5c943390dd3e736b4256b14a0ac52d304f8fb4acfd6a1fbd3"
url = "https://github.com/aubepkg/aube/releases/download/v2.6.1/aube-v2.6.1-x86_64-unknown-linux-gnu.tar.gz"
signer = "sigstore-oidc:https://github.com/aubepkg/aube/.github/workflows/release.yml"
repository_ids = { repository = "1214542327", owner = "324215402" }

[tools.aube."platforms.linux-x64-musl"]
checksum = "sha256:d69ab74a5e21f4dcaf5a41899a623114d6df77c11a170089ade86348bbc2b234"
url = "https://github.com/aubepkg/aube/releases/download/v2.6.1/aube-v2.6.1-x86_64-unknown-linux-musl.tar.gz"
signer = "sigstore-oidc:https://github.com/aubepkg/aube/.github/workflows/release.yml"
repository_ids = { repository = "1214542327", owner = "324215402" }

[tools.aube."platforms.macos-arm64"]
checksum = "sha256:a36856db187dd8f2c3cbf651de1384a2d0748d7cc5507671e6ec02751f00c032"
url = "https://github.com/aubepkg/aube/releases/download/v2.6.1/aube-v2.6.1-aarch64-apple-darwin.tar.gz"
signer = "sigstore-oidc:https://github.com/aubepkg/aube/.github/workflows/release.yml"
repository_ids = { repository = "1214542327", owner = "324215402" }

[tools.aube."platforms.windows-x64"]
checksum = "sha256:f6399466cc0e0c2f52248b56477182d4857a8a02d518936b055a3a67f0f25f87"
url = "https://github.com/aubepkg/aube/releases/download/v2.6.1/aube-v2.6.1-x86_64-pc-windows-msvc.zip"
signer = "sigstore-oidc:https://github.com/aubepkg/aube/.github/workflows/release.yml"
repository_ids = { repository = "1214542327", owner = "324215402" }

[[tools.go]]
version = "1.27.1"
backend = "core:go"
specifiers = ["latest"]

[tools.go."platforms.linux-arm64"]
checksum = "sha256:3450b45a3f9ee8568792736a5c5e70a1f2e9b36c35a8f74958c03e51d7d92bec"
url = "https://dl.google.com/go/go1.27.1.linux-arm64.tar.gz"

[tools.go."platforms.linux-arm64-musl"]
checksum = "sha256:3450b45a3f9ee8568792736a5c5e70a1f2e9b36c35a8f74958c03e51d7d92bec"
url = "https://dl.google.com/go/go1.27.1.linux-arm64.tar.gz"

[tools.go."platforms.linux-x64"]
checksum = "sha256:63d339f0da5ab53635a56f2490a7984dfe12dfcff22ad749f63edaf590168445"
url = "https://dl.google.com/go/go1.27.1.linux-amd64.tar.gz"

[tools.go."platforms.linux-x64-musl"]
checksum = "sha256:63d339f0da5ab53635a56f2490a7984dfe12dfcff22ad749f63edaf590168445"
url = "https://dl.google.com/go/go1.27.1.linux-amd64.tar.gz"

[tools.go."platforms.macos-arm64"]
checksum = "sha256:ee215d57e0ec269c60cc9ceca68e6bda321ba9ee5afe24f4b0988703c2d87d12"
url = "https://dl.google.com/go/go1.27.1.darwin-arm64.tar.gz"

[tools.go."platforms.macos-x64"]
checksum = "sha256:8f8f52c6649542cf027bbc9b9c68d1ec042f9f34808a40413f0b8b3f66f3caa4"
url = "https://dl.google.com/go/go1.27.1.darwin-amd64.tar.gz"

[tools.go."platforms.windows-x64"]
checksum = "sha256:a3911b5e0e1b1053f25ed0675f4c1c6aad1e2bfcf253df2b9be4caabd2edd95d"
url = "https://dl.google.com/go/go1.27.1.windows-amd64.zip"

[[tools.golangci-lint]]
version = "2.14.0"
backend = "aqua:golangci/golangci-lint"
specifiers = ["latest"]

[tools.golangci-lint."platforms.linux-arm64"]
checksum = "sha256:ee7ec5f3453d15ddf106fae5a4d6c71737712348a979d1fe9cd52ec7ea299bae"
url = "https://github.com/golangci/golangci-lint/releases/download/v2.14.0/golangci-lint-2.14.0-linux-arm64.tar.gz"
url_api = "https://api.github.com/repos/golangci/golangci-lint/releases/assets/585813674"
provenance = "github-attestations"

[tools.golangci-lint."platforms.linux-arm64-musl"]
checksum = "sha256:ee7ec5f3453d15ddf106fae5a4d6c71737712348a979d1fe9cd52ec7ea299bae"
url = "https://github.com/golangci/golangci-lint/releases/download/v2.14.0/golangci-lint-2.14.0-linux-arm64.tar.gz"
url_api = "https://api.github.com/repos/golangci/golangci-lint/releases/assets/585813674"
provenance = "github-attestations"

[tools.golangci-lint."platforms.linux-x64"]
checksum = "sha256:ab90aeb7b066f92a33415b638a50fe5344bbb75a0d32ad30cc248d88f81032ab"
url = "https://github.com/golangci/golangci-lint/releases/download/v2.14.0/golangci-lint-2.14.0-linux-amd64.tar.gz"
url_api = "https://api.github.com/repos/golangci/golangci-lint/releases/assets/585813815"
provenance = "github-attestations"

[tools.golangci-lint."platforms.linux-x64-musl"]
checksum = "sha256:ab90aeb7b066f92a33415b638a50fe5344bbb75a0d32ad30cc248d88f81032ab"
url = "https://github.com/golangci/golangci-lint/releases/download/v2.14.0/golangci-lint-2.14.0-linux-amd64.tar.gz"
url_api = "https://api.github.com/repos/golangci/golangci-lint/releases/assets/585813815"
provenance = "github-attestations"

[tools.golangci-lint."platforms.macos-arm64"]
checksum = "sha256:5ef5f36a7147e91dc58ef9ef4d11bb7bad5ead0c76eb6c01327a73c641d1dcc3"
url = "https://github.com/golangci/golangci-lint/releases/download/v2.14.0/golangci-lint-2.14.0-darwin-arm64.tar.gz"
url_api = "https://api.github.com/repos/golangci/golangci-lint/releases/assets/585813591"
provenance = "github-attestations"

[tools.golangci-lint."platforms.macos-x64"]
checksum = "sha256:a5667c1c3536be1740133213e1e822bfb8f0d98ea12903174d6d5f635e4ed68d"
url = "https://github.com/golangci/golangci-lint/releases/download/v2.14.0/golangci-lint-2.14.0-darwin-amd64.tar.gz"
url_api = "https://api.github.com/repos/golangci/golangci-lint/releases/assets/585813755"
provenance = "github-attestations"

[tools.golangci-lint."platforms.windows-x64"]
checksum = "sha256:b15f903d1649283a2ab6e8d2f0c317eaf1f9f6b3763950e7e8b7e72a43dd724f"
url = "https://github.com/golangci/golangci-lint/releases/download/v2.14.0/golangci-lint-2.14.0-windows-amd64.zip"
url_api = "https://api.github.com/repos/golangci/golangci-lint/releases/assets/585813793"
provenance = "github-attestations"

[[tools.node]]
version = "26.10.0"
backend = "core:node"
specifiers = ["latest"]

[tools.node."platforms.linux-arm64"]
checksum = "sha256:423a41bff8e2a2fa15e702fefe2919ef95823b2378744daccb8439302534b44f"
url = "https://nodejs.org/dist/v26.10.0/node-v26.10.0-linux-arm64.tar.gz"

[tools.node."platforms.linux-arm64-musl"]
checksum = "sha256:d26027bff3197050d2a2b0bfa151b18e8378ed81affa2bf5093804db158979b6"
url = "https://unofficial-builds.nodejs.org/download/release/v26.10.0/node-v26.10.0-linux-arm64-musl.tar.gz"

[tools.node."platforms.linux-x64"]
checksum = "sha256:cb5c9ce9c80d7b8821e3a258543c71b939138cf17c74d5cc44bbe85d6dbc5ad8"
url = "https://nodejs.org/dist/v26.10.0/node-v26.10.0-linux-x64.tar.gz"

[tools.node."platforms.linux-x64-musl"]
checksum = "sha256:e42da94821b9422eb76bf5aaf4de0977e04ba320b8aff6148d895a94b08ee223"
url = "https://unofficial-builds.nodejs.org/download/release/v26.10.0/node-v26.10.0-linux-x64-musl.tar.gz"

[tools.node."platforms.macos-arm64"]
checksum = "sha256:751fdf7439f115d87ee2a8f3f18c065b6151852068e3e666ac60ac2996f75ac9"
url = "https://nodejs.org/dist/v26.10.0/node-v26.10.0-darwin-arm64.tar.gz"

[tools.node."platforms.macos-x64"]
checksum = "sha256:ebbe9ab9b58ad6bb54390d6e2c862c1afa7d4475fb7e8ae8146acde211bf70df"
url = "https://nodejs.org/dist/v26.10.0/node-v26.10.0-darwin-x64.tar.gz"

[tools.node."platforms.windows-x64"]
checksum = "sha256:9fef7eca6743a6b910989cd8e78712376b394fcb9b6e1e9c44a0799a287f90c5"
url = "https://nodejs.org/dist/v26.10.0/node-v26.10.0-win-x64.zip"
